// !$*UTF8*$!
{
	archiveVersion = 1;
	classes = {
	};
	objectVersion = 77;
	objects = {

/* Begin PBXContainerItemProxy section */
		DACD1D732E3DF21600005E76 /* PBXContainerItemProxy */ = {
			isa = PBXContainerItemProxy;
			containerPortal = DACD1D5D2E3DF21400005E76 /* Project object */;
			proxyType = 1;
			remoteGlobalIDString = DACD1D642E3DF21400005E76;
			remoteInfo = melody_new;
		};
		DACD1D7D2E3DF21600005E76 /* PBXContainerItemProxy */ = {
			isa = PBXContainerItemProxy;
			containerPortal = DACD1D5D2E3DF21400005E76 /* Project object */;
			proxyType = 1;
			remoteGlobalIDString = DACD1D642E3DF21400005E76;
			remoteInfo = melody_new;
		};
/* End PBXContainerItemProxy section */

/* Begin PBXFileReference section */
		DACD1D652E3DF21400005E76 /* melody_new.app */ = {isa = PBXFileReference; explicitFileType = wrapper.application; includeInIndex = 0; path = melody_new.app; sourceTree = BUILT_PRODUCTS_DIR; };
		DACD1D722E3DF21600005E76 /* melody_newTests.xctest */ = {isa = PBXFileReference; explicitFileType = wrapper.cfbundle; includeInIndex = 0; path = melody_newTests.xctest; sourceTree = BUILT_PRODUCTS_DIR; };
		DACD1D7C2E3DF21600005E76 /* melody_newUITests.xctest */ = {isa = PBXFileReference; explicitFileType = wrapper.cfbundle; includeInIndex = 0; path = melody_newUITests.xctest; sourceTree = BUILT_PRODUCTS_DIR; };
/* End PBXFileReference section */

/* Begin PBXFileSystemSynchronizedRootGroup section */
		DACD1D672E3DF21400005E76 /* melody_new */ = {
			isa = PBXFileSystemSynchronizedRootGroup;
			path = melody_new;
			sourceTree = "<group>";
		};
		DACD1D752E3DF21600005E76 /* melody_newTests */ = {
			isa = PBXFileSystemSynchronizedRootGroup;
			path = melody_newTests;
			sourceTree = "<group>";
		};
		DACD1D7F2E3DF21600005E76 /* melody_newUITests */ = {
			isa = PBXFileSystemSynchronizedRootGroup;
			path = melody_newUITests;
			sourceTree = "<group>";
		};
/* End PBXFileSystemSynchronizedRootGroup section */

/* Begin PBXFrameworksBuildPhase section */
		DACD1D622E3DF21400005E76 /* Frameworks */ = {
			isa = PBXFrameworksBuildPhase;
			buildActionMask = 2147483647;
			files = (
			);
			runOnlyForDeploymentPostprocessing = 0;
		};
		DACD1D6F2E3DF21600005E76 /* Frameworks */ = {
			isa = PBXFrameworksBuildPhase;
			buildActionMask = 2147483647;
			files = (
			);
			runOnlyForDeploymentPostprocessing = 0;
		};
		DACD1D792E3DF21600005E76 /* Frameworks */ = {
			isa = PBXFrameworksBuildPhase;
			buildActionMask = 2147483647;
			files = (
			);
			runOnlyForDeploymentPostprocessing = 0;
		};
/* End PBXFrameworksBuildPhase section */

/* Begin PBXGroup section */
		DACD1D5C2E3DF21400005E76 = {
			isa = PBXGroup;
			children = (
				DACD1D672E3DF21400005E76 /* melody_new */,
				DACD1D752E3DF21600005E76 /* melody_newTests */,
				DACD1D7F2E3DF21600005E76 /* melody_newUITests */,
				DACD1D662E3DF21400005E76 /* Products */,
			);
			sourceTree = "<group>";
		};
		DACD1D662E3DF21400005E76 /* Products */ = {
			isa = PBXGroup;
			children = (
				DACD1D652E3DF21400005E76 /* melody_new.app */,
				DACD1D722E3DF21600005E76 /* melody_newTests.xctest */,
				DACD1D7C2E3DF21600005E76 /* melody_newUITests.xctest */,
			);
			name = Products;
			sourceTree = "<group>";
		};
/* End PBXGroup section */

/* Begin PBXNativeTarget section */
		DACD1D642E3DF21400005E76 /* melody_new */ = {
			isa = PBXNativeTarget;
			buildConfigurationList = DACD1D862E3DF21600005E76 /* Build configuration list for PBXNativeTarget "melody_new" */;
			buildPhases = (
				DACD1D612E3DF21400005E76 /* Sources */,
				DACD1D622E3DF21400005E76 /* Frameworks */,
				DACD1D632E3DF21400005E76 /* Resources */,
			);
			buildRules = (
			);
			dependencies = (
			);
			fileSystemSynchronizedGroups = (
				DACD1D672E3DF21400005E76 /* melody_new */,
			);
			name = melody_new;
			packageProductDependencies = (
			);
			productName = melody_new;
			productReference = DACD1D652E3DF21400005E76 /* melody_new.app */;
			productType = "com.apple.product-type.application";
		};
		DACD1D712E3DF21600005E76 /* melody_newTests */ = {
			isa = PBXNativeTarget;
			buildConfigurationList = DACD1D892E3DF21600005E76 /* Build configuration list for PBXNativeTarget "melody_newTests" */;
			buildPhases = (
				DACD1D6E2E3DF21600005E76 /* Sources */,
				DACD1D6F2E3DF21600005E76 /* Frameworks */,
				DACD1D702E3DF21600005E76 /* Resources */,
			);
			buildRules = (
			);
			dependencies = (
				DACD1D742E3DF21600005E76 /* PBXTargetDependency */,
			);
			fileSystemSynchronizedGroups = (
				DACD1D752E3DF21600005E76 /* melody_newTests */,
			);
			name = melody_newTests;
			packageProductDependencies = (
			);
			productName = melody_newTests;
			productReference = DACD1D722E3DF21600005E76 /* melody_newTests.xctest */;
			productType = "com.apple.product-type.bundle.unit-test";
		};
		DACD1D7B2E3DF21600005E76 /* melody_newUITests */ = {
			isa = PBXNativeTarget;
			buildConfigurationList = DACD1D8C2E3DF21600005E76 /* Build configuration list for PBXNativeTarget "melody_newUITests" */;
			buildPhases = (
				DACD1D782E3DF21600005E76 /* Sources */,
				DACD1D792E3DF21600005E76 /* Frameworks */,
				DACD1D7A2E3DF21600005E76 /* Resources */,
			);
			buildRules = (
			);
			dependencies = (
				DACD1D7E2E3DF21600005E76 /* PBXTargetDependency */,
			);
			fileSystemSynchronizedGroups = (
				DACD1D7F2E3DF21600005E76 /* melody_newUITests */,
			);
			name = melody_newUITests;
			packageProductDependencies = (
			);
			productName = melody_newUITests;
			productReference = DACD1D7C2E3DF21600005E76 /* melody_newUITests.xctest */;
			productType = "com.apple.product-type.bundle.ui-testing";
		};
/* End PBXNativeTarget section */

/* Begin PBXProject section */
		DACD1D5D2E3DF21400005E76 /* Project object */ = {
			isa = PBXProject;
			attributes = {
				BuildIndependentTargetsInParallel = 1;
				LastSwiftUpdateCheck = 1640;
				LastUpgradeCheck = 1640;
				TargetAttributes = {
					DACD1D642E3DF21400005E76 = {
						CreatedOnToolsVersion = 16.4;
					};
					DACD1D712E3DF21600005E76 = {
						CreatedOnToolsVersion = 16.4;
						TestTargetID = DACD1D642E3DF21400005E76;
					};
					DACD1D7B2E3DF21600005E76 = {
						CreatedOnToolsVersion = 16.4;
						TestTargetID = DACD1D642E3DF21400005E76;
					};
				};
			};
			buildConfigurationList = DACD1D602E3DF21400005E76 /* Build configuration list for PBXProject "melody_new" */;
			developmentRegion = en;
			hasScannedForEncodings = 0;
			knownRegions = (
				en,
				Base,
			);
			mainGroup = DACD1D5C2E3DF21400005E76;
			minimizedProjectReferenceProxies = 1;
			preferredProjectObjectVersion = 77;
			productRefGroup = DACD1D662E3DF21400005E76 /* Products */;
			projectDirPath = "";
			projectRoot = "";
			targets = (
				DACD1D642E3DF21400005E76 /* melody_new */,
				DACD1D712E3DF21600005E76 /* melody_newTests */,
				DACD1D7B2E3DF21600005E76 /* melody_newUITests */,
			);
		};
/* End PBXProject section */

/* Begin PBXResourcesBuildPhase section */
		DACD1D632E3DF21400005E76 /* Resources */ = {
			isa = PBXResourcesBuildPhase;
			buildActionMask = 2147483647;
			files = (
			);
			runOnlyForDeploymentPostprocessing = 0;
		};
		DACD1D702E3DF21600005E76 /* Resources */ = {
			isa = PBXResourcesBuildPhase;
			buildActionMask = 2147483647;
			files = (
			);
			runOnlyForDeploymentPostprocessing = 0;
		};
		DACD1D7A2E3DF21600005E76 /* Resources */ = {
			isa = PBXResourcesBuildPhase;
			buildActionMask = 2147483647;
			files = (
			);
			runOnlyForDeploymentPostprocessing = 0;
		};
/* End PBXResourcesBuildPhase section */

/* Begin PBXSourcesBuildPhase section */
		DACD1D612E3DF21400005E76 /* Sources */ = {
			isa = PBXSourcesBuildPhase;
			buildActionMask = 2147483647;
			files = (
			);
			runOnlyForDeploymentPostprocessing = 0;
		};
		DACD1D6E2E3DF21600005E76 /* Sources */ = {
			isa = PBXSourcesBuildPhase;
			buildActionMask = 2147483647;
			files = (
			);
			runOnlyForDeploymentPostprocessing = 0;
		};
		DACD1D782E3DF21600005E76 /* Sources */ = {
			isa = PBXSourcesBuildPhase;
			buildActionMask = 2147483647;
			files = (
			);
			runOnlyForDeploymentPostprocessing = 0;
		};
/* End PBXSourcesBuildPhase section */

/* Begin PBXTargetDependency section */
		DACD1D742E3DF21600005E76 /* PBXTargetDependency */ = {
			isa = PBXTargetDependency;
			target = DACD1D642E3DF21400005E76 /* melody_new */;
			targetProxy = DACD1D732E3DF21600005E76 /* PBXContainerItemProxy */;
		};
		DACD1D7E2E3DF21600005E76 /* PBXTargetDependency */ = {
			isa = PBXTargetDependency;
			target = DACD1D642E3DF21400005E76 /* melody_new */;
			targetProxy = DACD1D7D2E3DF21600005E76 /* PBXContainerItemProxy */;
		};
/* End PBXTargetDependency section */

/* Begin XCBuildConfiguration section */
		DACD1D842E3DF21600005E76 /* Debug */ = {
			isa = XCBuildConfiguration;
			buildSettings = {
				ALWAYS_SEARCH_USER_PATHS = NO;
				ASSETCATALOG_COMPILER_GENERATE_SWIFT_ASSET_SYMBOL_EXTENSIONS = YES;
				CLANG_ANALYZER_NONNULL = YES;
				CLANG_ANALYZER_NUMBER_OBJECT_CONVERSION = YES_AGGRESSIVE;
				CLANG_CXX_LANGUAGE_STANDARD = "gnu++20";
				CLANG_ENABLE_MODULES = YES;
				CLANG_ENABLE_OBJC_ARC = YES;
				CLANG_ENABLE_OBJC_WEAK = YES;
				CLANG_WARN_BLOCK_CAPTURE_AUTORELEASING = YES;
				CLANG_WARN_BOOL_CONVERSION = YES;
				CLANG_WARN_COMMA = YES;
				CLANG_WARN_CONSTANT_CONVERSION = YES;
				CLANG_WARN_DEPRECATED_OBJC_IMPLEMENTATIONS = YES;
				CLANG_WARN_DIRECT_OBJC_ISA_USAGE = YES_ERROR;
				CLANG_WARN_DOCUMENTATION_COMMENTS = YES;
				CLANG_WARN_EMPTY_BODY = YES;
				CLANG_WARN_ENUM_CONVERSION = YES;
				CLANG_WARN_INFINITE_RECURSION = YES;
				CLANG_WARN_INT_CONVERSION = YES;
				CLANG_WARN_NON_LITERAL_NULL_CONVERSION = YES;
				CLANG_WARN_OBJC_IMPLICIT_RETAIN_SELF = YES;
				CLANG_WARN_OBJC_LITERAL_CONVERSION = YES;
				CLANG_WARN_OBJC_ROOT_CLASS = YES_ERROR;
				CLANG_WARN_QUOTED_INCLUDE_IN_FRAMEWORK_HEADER = YES;
				CLANG_WARN_RANGE_LOOP_ANALYSIS = YES;
				CLANG_WARN_STRICT_PROTOTYPES = YES;
				CLANG_WARN_SUSPICIOUS_MOVE = YES;
				CLANG_WARN_UNGUARDED_AVAILABILITY = YES_AGGRESSIVE;
				CLANG_WARN_UNREACHABLE_CODE = YES;
				CLANG_WARN__DUPLICATE_METHOD_MATCH = YES;
				COPY_PHASE_STRIP = NO;
				DEBUG_INFORMATION_FORMAT = dwarf;
				DEVELOPMENT_TEAM = FA8C93Q9B7;
				ENABLE_STRICT_OBJC_MSGSEND = YES;
				ENABLE_TESTABILITY = YES;
				ENABLE_USER_SCRIPT_SANDBOXING = YES;
				GCC_C_LANGUAGE_STANDARD = gnu17;
				GCC_DYNAMIC_NO_PIC = NO;
				GCC_NO_COMMON_BLOCKS = YES;
				GCC_OPTIMIZATION_LEVEL = 0;
				GCC_PREPROCESSOR_DEFINITIONS = (
					"DEBUG=1",
					"$(inherited)",
				);
				GCC_WARN_64_TO_32_BIT_CONVERSION = YES;
				GCC_WARN_ABOUT_RETURN_TYPE = YES_ERROR;
				GCC_WARN_UNDECLARED_SELECTOR = YES;
				GCC_WARN_UNINITIALIZED_AUTOS = YES_AGGRESSIVE;
				GCC_WARN_UNUSED_FUNCTION = YES;
				GCC_WARN_UNUSED_VARIABLE = YES;
				IPHONEOS_DEPLOYMENT_TARGET = 18.5;
				LOCALIZATION_PREFERS_STRING_CATALOGS = YES;
				MTL_ENABLE_DEBUG_INFO = INCLUDE_SOURCE;
				MTL_FAST_MATH = YES;
				ONLY_ACTIVE_ARCH = YES;
				SDKROOT = iphoneos;
				SWIFT_ACTIVE_COMPILATION_CONDITIONS = "DEBUG $(inherited)";
				SWIFT_OPTIMIZATION_LEVEL = "-Onone";
			};
			name = Debug;
		};
		DACD1D852E3DF21600005E76 /* Release */ = {
			isa = XCBuildConfiguration;
			buildSettings = {
				ALWAYS_SEARCH_USER_PATHS = NO;
				ASSETCATALOG_COMPILER_GENERATE_SWIFT_ASSET_SYMBOL_EXTENSIONS = YES;
				CLANG_ANALYZER_NONNULL = YES;
				CLANG_ANALYZER_NUMBER_OBJECT_CONVERSION = YES_AGGRESSIVE;
				CLANG_CXX_LANGUAGE_STANDARD = "gnu++20";
				CLANG_ENABLE_MODULES = YES;
				CLANG_ENABLE_OBJC_ARC = YES;
				CLANG_ENABLE_OBJC_WEAK = YES;
				CLANG_WARN_BLOCK_CAPTURE_AUTORELEASING = YES;
				CLANG_WARN_BOOL_CONVERSION = YES;
				CLANG_WARN_COMMA = YES;
				CLANG_WARN_CONSTANT_CONVERSION = YES;
				CLANG_WARN_DEPRECATED_OBJC_IMPLEMENTATIONS = YES;
				CLANG_WARN_DIRECT_OBJC_ISA_USAGE = YES_ERROR;
				CLANG_WARN_DOCUMENTATION_COMMENTS = YES;
				CLANG_WARN_EMPTY_BODY = YES;
				CLANG_WARN_ENUM_CONVERSION = YES;
				CLANG_WARN_INFINITE_RECURSION = YES;
				CLANG_WARN_INT_CONVERSION = YES;
				CLANG_WARN_NON_LITERAL_NULL_CONVERSION = YES;
				CLANG_WARN_OBJC_IMPLICIT_RETAIN_SELF = YES;
				CLANG_WARN_OBJC_LITERAL_CONVERSION = YES;
				CLANG_WARN_OBJC_ROOT_CLASS = YES_ERROR;
				CLANG_WARN_QUOTED_INCLUDE_IN_FRAMEWORK_HEADER = YES;
				CLANG_WARN_RANGE_LOOP_ANALYSIS = YES;
				CLANG_WARN_STRICT_PROTOTYPES = YES;
				CLANG_WARN_SUSPICIOUS_MOVE = YES;
				CLANG_WARN_UNGUARDED_AVAILABILITY = YES_AGGRESSIVE;
				CLANG_WARN_UNREACHABLE_CODE = YES;
				CLANG_WARN__DUPLICATE_METHOD_MATCH = YES;
				COPY_PHASE_STRIP = NO;
				DEBUG_INFORMATION_FORMAT = "dwarf-with-dsym";
				DEVELOPMENT_TEAM = FA8C93Q9B7;
				ENABLE_NS_ASSERTIONS = NO;
				ENABLE_STRICT_OBJC_MSGSEND = YES;
				ENABLE_USER_SCRIPT_SANDBOXING = YES;
				GCC_C_LANGUAGE_STANDARD = gnu17;
				GCC_NO_COMMON_BLOCKS = YES;
				GCC_WARN_64_TO_32_BIT_CONVERSION = YES;
				GCC_WARN_ABOUT_RETURN_TYPE = YES_ERROR;
				GCC_WARN_UNDECLARED_SELECTOR = YES;
				GCC_WARN_UNINITIALIZED_AUTOS = YES_AGGRESSIVE;
				GCC_WARN_UNUSED_FUNCTION = YES;
				GCC_WARN_UNUSED_VARIABLE = YES;
				IPHONEOS_DEPLOYMENT_TARGET = 18.5;
				LOCALIZATION_PREFERS_STRING_CATALOGS = YES;
				MTL_ENABLE_DEBUG_INFO = NO;
				MTL_FAST_MATH = YES;
				SDKROOT = iphoneos;
				SWIFT_COMPILATION_MODE = wholemodule;
				VALIDATE_PRODUCT = YES;
			};
			name = Release;
		};
		DACD1D872E3DF21600005E76 /* Debug */ = {
			isa = XCBuildConfiguration;
			buildSettings = {
				ASSETCATALOG_COMPILER_APPICON_NAME = AppIcon;
				ASSETCATALOG_COMPILER_GLOBAL_ACCENT_COLOR_NAME = AccentColor;
				CODE_SIGN_STYLE = Automatic;
				CURRENT_PROJECT_VERSION = 1;
				DEVELOPMENT_TEAM = DZPUSA6232;
				ENABLE_PREVIEWS = YES;
				GENERATE_INFOPLIST_FILE = YES;
				INFOPLIST_FILE = "melody-new-Info.plist";
				INFOPLIST_KEY_NSCalendarsUsageDescription = "需要访问您的日历来添加和管理事件";
				INFOPLIST_KEY_UIApplicationSceneManifest_Generation = YES;
				INFOPLIST_KEY_UIApplicationSupportsIndirectInputEvents = YES;
				INFOPLIST_KEY_UILaunchScreen_Generation = YES;
				INFOPLIST_KEY_UISupportedInterfaceOrientations_iPad = "UIInterfaceOrientationPortrait UIInterfaceOrientationPortraitUpsideDown UIInterfaceOrientationLandscapeLeft UIInterfaceOrientationLandscapeRight";
				INFOPLIST_KEY_UISupportedInterfaceOrientations_iPhone = "UIInterfaceOrientationPortrait UIInterfaceOrientationLandscapeLeft UIInterfaceOrientationLandscapeRight";
				LD_RUNPATH_SEARCH_PATHS = (
					"$(inherited)",
					"@executable_path/Frameworks",
				);
				MARKETING_VERSION = 1.0;
				PRODUCT_BUNDLE_IDENTIFIER = "CCCC.melody-new";
				PRODUCT_NAME = "$(TARGET_NAME)";
				SWIFT_EMIT_LOC_STRINGS = YES;
				SWIFT_VERSION = 5.0;
				TARGETED_DEVICE_FAMILY = "1,2";
			};
			name = Debug;
		};
		DACD1D882E3DF21600005E76 /* Release */ = {
			isa = XCBuildConfiguration;
			buildSettings = {
				ASSETCATALOG_COMPILER_APPICON_NAME = AppIcon;
				ASSETCATALOG_COMPILER_GLOBAL_ACCENT_COLOR_NAME = AccentColor;
				CODE_SIGN_STYLE = Automatic;
				CURRENT_PROJECT_VERSION = 1;
				DEVELOPMENT_TEAM = DZPUSA6232;
				ENABLE_PREVIEWS = YES;
				GENERATE_INFOPLIST_FILE = YES;
				INFOPLIST_FILE = "melody-new-Info.plist";
				INFOPLIST_KEY_NSCalendarsUsageDescription = "需要访问您的日历来添加和管理事件";
				INFOPLIST_KEY_UIApplicationSceneManifest_Generation = YES;
				INFOPLIST_KEY_UIApplicationSupportsIndirectInputEvents = YES;
				INFOPLIST_KEY_UILaunchScreen_Generation = YES;
				INFOPLIST_KEY_UISupportedInterfaceOrientations_iPad = "UIInterfaceOrientationPortrait UIInterfaceOrientationPortraitUpsideDown UIInterfaceOrientationLandscapeLeft UIInterfaceOrientationLandscapeRight";
				INFOPLIST_KEY_UISupportedInterfaceOrientations_iPhone = "UIInterfaceOrientationPortrait UIInterfaceOrientationLandscapeLeft UIInterfaceOrientationLandscapeRight";
				LD_RUNPATH_SEARCH_PATHS = (
					"$(inherited)",
					"@executable_path/Frameworks",
				);
				MARKETING_VERSION = 1.0;
				PRODUCT_BUNDLE_IDENTIFIER = "CCCC.melody-new";
				PRODUCT_NAME = "$(TARGET_NAME)";
				SWIFT_EMIT_LOC_STRINGS = YES;
				SWIFT_VERSION = 5.0;
				TARGETED_DEVICE_FAMILY = "1,2";
			};
			name = Release;
		};
		DACD1D8A2E3DF21600005E76 /* Debug */ = {
			isa = XCBuildConfiguration;
			buildSettings = {
				BUNDLE_LOADER = "$(TEST_HOST)";
				CODE_SIGN_STYLE = Automatic;
				CURRENT_PROJECT_VERSION = 1;
				DEVELOPMENT_TEAM = FA8C93Q9B7;
				GENERATE_INFOPLIST_FILE = YES;
				IPHONEOS_DEPLOYMENT_TARGET = 18.5;
				MARKETING_VERSION = 1.0;
				PRODUCT_BUNDLE_IDENTIFIER = "CCCC.melody-newTests";
				PRODUCT_NAME = "$(TARGET_NAME)";
				SWIFT_EMIT_LOC_STRINGS = NO;
				SWIFT_VERSION = 5.0;
				TARGETED_DEVICE_FAMILY = "1,2";
				TEST_HOST = "$(BUILT_PRODUCTS_DIR)/melody_new.app/$(BUNDLE_EXECUTABLE_FOLDER_PATH)/melody_new";
			};
			name = Debug;
		};
		DACD1D8B2E3DF21600005E76 /* Release */ = {
			isa = XCBuildConfiguration;
			buildSettings = {
				BUNDLE_LOADER = "$(TEST_HOST)";
				CODE_SIGN_STYLE = Automatic;
				CURRENT_PROJECT_VERSION = 1;
				DEVELOPMENT_TEAM = FA8C93Q9B7;
				GENERATE_INFOPLIST_FILE = YES;
				IPHONEOS_DEPLOYMENT_TARGET = 18.5;
				MARKETING_VERSION = 1.0;
				PRODUCT_BUNDLE_IDENTIFIER = "CCCC.melody-newTests";
				PRODUCT_NAME = "$(TARGET_NAME)";
				SWIFT_EMIT_LOC_STRINGS = NO;
				SWIFT_VERSION = 5.0;
				TARGETED_DEVICE_FAMILY = "1,2";
				TEST_HOST = "$(BUILT_PRODUCTS_DIR)/melody_new.app/$(BUNDLE_EXECUTABLE_FOLDER_PATH)/melody_new";
			};
			name = Release;
		};
		DACD1D8D2E3DF21600005E76 /* Debug */ = {
			isa = XCBuildConfiguration;
			buildSettings = {
				CODE_SIGN_STYLE = Automatic;
				CURRENT_PROJECT_VERSION = 1;
				DEVELOPMENT_TEAM = FA8C93Q9B7;
				GENERATE_INFOPLIST_FILE = YES;
				MARKETING_VERSION = 1.0;
				PRODUCT_BUNDLE_IDENTIFIER = "CCCC.melody-newUITests";
				PRODUCT_NAME = "$(TARGET_NAME)";
				SWIFT_EMIT_LOC_STRINGS = NO;
				SWIFT_VERSION = 5.0;
				TARGETED_DEVICE_FAMILY = "1,2";
				TEST_TARGET_NAME = melody_new;
			};
			name = Debug;
		};
		DACD1D8E2E3DF21600005E76 /* Release */ = {
			isa = XCBuildConfiguration;
			buildSettings = {
				CODE_SIGN_STYLE = Automatic;
				CURRENT_PROJECT_VERSION = 1;
				DEVELOPMENT_TEAM = FA8C93Q9B7;
				GENERATE_INFOPLIST_FILE = YES;
				MARKETING_VERSION = 1.0;
				PRODUCT_BUNDLE_IDENTIFIER = "CCCC.melody-newUITests";
				PRODUCT_NAME = "$(TARGET_NAME)";
				SWIFT_EMIT_LOC_STRINGS = NO;
				SWIFT_VERSION = 5.0;
				TARGETED_DEVICE_FAMILY = "1,2";
				TEST_TARGET_NAME = melody_new;
			};
			name = Release;
		};
/* End XCBuildConfiguration section */

/* Begin XCConfigurationList section */
		DACD1D602E3DF21400005E76 /* Build configuration list for PBXProject "melody_new" */ = {
			isa = XCConfigurationList;
			buildConfigurations = (
				DACD1D842E3DF21600005E76 /* Debug */,
				DACD1D852E3DF21600005E76 /* Release */,
			);
			defaultConfigurationIsVisible = 0;
			defaultConfigurationName = Release;
		};
		DACD1D862E3DF21600005E76 /* Build configuration list for PBXNativeTarget "melody_new" */ = {
			isa = XCConfigurationList;
			buildConfigurations = (
				DACD1D872E3DF21600005E76 /* Debug */,
				DACD1D882E3DF21600005E76 /* Release */,
			);
			defaultConfigurationIsVisible = 0;
			defaultConfigurationName = Release;
		};
		DACD1D892E3DF21600005E76 /* Build configuration list for PBXNativeTarget "melody_newTests" */ = {
			isa = XCConfigurationList;
			buildConfigurations = (
				DACD1D8A2E3DF21600005E76 /* Debug */,
				DACD1D8B2E3DF21600005E76 /* Release */,
			);
			defaultConfigurationIsVisible = 0;
			defaultConfigurationName = Release;
		};
		DACD1D8C2E3DF21600005E76 /* Build configuration list for PBXNativeTarget "melody_newUITests" */ = {
			isa = XCConfigurationList;
			buildConfigurations = (
				DACD1D8D2E3DF21600005E76 /* Debug */,
				DACD1D8E2E3DF21600005E76 /* Release */,
			);
			defaultConfigurationIsVisible = 0;
			defaultConfigurationName = Release;
		};
/* End XCConfigurationList section */
	};
	rootObject = DACD1D5D2E3DF21400005E76 /* Project object */;
}
